
Microsoft Visual Studio Solution File, Format Version 12.00
# Visual Studio Version 17
VisualStudioVersion = 17.8.34511.84
MinimumVisualStudioVersion = 10.0.40219.1
Project("{FAE04EC0-301F-11D3-BF4B-00C04F79EFBC}") = "SoftwareConcessionaria", "SoftwareConcessionaria.csproj", "{145671CC-2907-4749-BF1E-BEAE2E2C9B01}"
EndProject
Global
	GlobalSection(SolutionConfigurationPlatforms) = preSolution
		Debug|Any CPU = Debug|Any CPU
		Release|Any CPU = Release|Any CPU
	EndGlobalSection
	GlobalSection(ProjectConfigurationPlatforms) = postSolution
		{145671CC-2907-4749-BF1E-BEAE2E2C9B01}.Debug|Any CPU.ActiveCfg = Debug|Any CPU
		{145671CC-2907-4749-BF1E-BEAE2E2C9B01}.Debug|Any CPU.Build.0 = Debug|Any CPU
		{145671CC-2907-4749-BF1E-BEAE2E2C9B01}.Release|Any CPU.ActiveCfg = Release|Any CPU
		{145671CC-2907-4749-BF1E-BEAE2E2C9B01}.Release|Any CPU.Build.0 = Release|Any CPU
	EndGlobalSection
	GlobalSection(SolutionProperties) = preSolution
		HideSolutionNode = FALSE
	EndGlobalSection
	GlobalSection(ExtensibilityGlobals) = postSolution
		SolutionGuid = {CC256D62-AD37-4992-88C1-A5A945D6B8EF}
	EndGlobalSection
EndGlobal
